
Microsoft Visual Studio Solution File, Format Version 12.00
# Visual Studio Version 16
VisualStudioVersion = 16.0.29519.87
MinimumVisualStudioVersion = 10.0.40219.1
Project("{9A19103F-16F7-4668-BE54-9A1E7A4F7556}") = "DefaultVersioningWithAttributes", "DefaultVersioningWithAttributes\DefaultVersioningWithAttributes.csproj", "{EC4BFA72-8CD0-4702-868F-11800B1F3129}"
EndProject
Project("{9A19103F-16F7-4668-BE54-9A1E7A4F7556}") = "VersioningWithConventions", "VersioningWithConventions\VersioningWithConventions.csproj", "{C70B1C08-25E3-45F4-9904-5253427673C6}"
EndProject
Project("{FAE04EC0-301F-11D3-BF4B-00C04F79EFBC}") = "Api.Conventions", "Api.Conventions\Api.Conventions.csproj", "{8B0F9074-EFB3-4BFE-828F-35985BD57818}"
EndProject
Global
	GlobalSection(SolutionConfigurationPlatforms) = preSolution
		Debug|Any CPU = Debug|Any CPU
		Release|Any CPU = Release|Any CPU
	EndGlobalSection
	GlobalSection(ProjectConfigurationPlatforms) = postSolution
		{EC4BFA72-8CD0-4702-868F-11800B1F3129}.Debug|Any CPU.ActiveCfg = Debug|Any CPU
		{EC4BFA72-8CD0-4702-868F-11800B1F3129}.Debug|Any CPU.Build.0 = Debug|Any CPU
		{EC4BFA72-8CD0-4702-868F-11800B1F3129}.Release|Any CPU.ActiveCfg = Release|Any CPU
		{EC4BFA72-8CD0-4702-868F-11800B1F3129}.Release|Any CPU.Build.0 = Release|Any CPU
		{C70B1C08-25E3-45F4-9904-5253427673C6}.Debug|Any CPU.ActiveCfg = Debug|Any CPU
		{C70B1C08-25E3-45F4-9904-5253427673C6}.Debug|Any CPU.Build.0 = Debug|Any CPU
		{C70B1C08-25E3-45F4-9904-5253427673C6}.Release|Any CPU.ActiveCfg = Release|Any CPU
		{C70B1C08-25E3-45F4-9904-5253427673C6}.Release|Any CPU.Build.0 = Release|Any CPU
		{8B0F9074-EFB3-4BFE-828F-35985BD57818}.Debug|Any CPU.ActiveCfg = Debug|Any CPU
		{8B0F9074-EFB3-4BFE-828F-35985BD57818}.Debug|Any CPU.Build.0 = Debug|Any CPU
		{8B0F9074-EFB3-4BFE-828F-35985BD57818}.Release|Any CPU.ActiveCfg = Release|Any CPU
		{8B0F9074-EFB3-4BFE-828F-35985BD57818}.Release|Any CPU.Build.0 = Release|Any CPU
	EndGlobalSection
	GlobalSection(SolutionProperties) = preSolution
		HideSolutionNode = FALSE
	EndGlobalSection
	GlobalSection(ExtensibilityGlobals) = postSolution
		SolutionGuid = {6DCDAA12-9595-4997-A30D-6706CCAF47D3}
	EndGlobalSection
EndGlobal
